
Microsoft Visual Studio Solution File, Format Version 12.00
# Visual Studio Version 17
VisualStudioVersion = 17.0.31903.59
MinimumVisualStudioVersion = 10.0.40219.1
Project("{2150E333-8FDC-42A3-9474-1A3956D46DE8}") = "src", "src", "{0A4B765E-AACD-43F8-8013-5022695BDCEB}"
EndProject
Project("{2150E333-8FDC-42A3-9474-1A3956D46DE8}") = "services", "services", "{E479BB03-C9EC-4B32-8437-0B24411E2D22}"
EndProject
Project("{2150E333-8FDC-42A3-9474-1A3956D46DE8}") = "IdentityService", "IdentityService", "{D778B004-8F48-43C1-AFBA-8FBD7BD082B0}"
EndProject
Project("{FAE04EC0-301F-11D3-BF4B-00C04F79EFBC}") = "IdentityService", "src\services\IdentityService\IdentityService\IdentityService.csproj", "{B5299C72-21F8-4AF0-ADBC-12CD5B89E6AF}"
EndProject
Project("{2150E333-8FDC-42A3-9474-1A3956D46DE8}") = "ContractService", "ContractService", "{E6F5F228-92CC-4DCF-9A95-21BC8D8B00FE}"
EndProject
Project("{FAE04EC0-301F-11D3-BF4B-00C04F79EFBC}") = "ContractService", "src\services\ContractService\ContractService\ContractService.csproj", "{266CA15D-09E9-4D6F-95B6-A71E2DCCA950}"
EndProject
Project("{2150E333-8FDC-42A3-9474-1A3956D46DE8}") = "DocumentService", "DocumentService", "{8035064A-CA36-49D8-9BE9-F46CD29C35C7}"
EndProject
Project("{FAE04EC0-301F-11D3-BF4B-00C04F79EFBC}") = "DocumentService", "src\services\DocumentService\DocumentService\DocumentService.csproj", "{3457E49E-CAE7-4809-84FF-39D9A2E16761}"
EndProject
Project("{2150E333-8FDC-42A3-9474-1A3956D46DE8}") = "NotificationService", "NotificationService", "{C4246D34-92C6-40C2-B2F7-5A7FB6130724}"
EndProject
Project("{FAE04EC0-301F-11D3-BF4B-00C04F79EFBC}") = "NotificationService", "src\services\NotificationService\NotificationService\NotificationService.csproj", "{A21C962F-FA86-4AF3-B145-3E92CA426A92}"
EndProject
Project("{2150E333-8FDC-42A3-9474-1A3956D46DE8}") = "AuditService", "AuditService", "{E1A4E4B6-9E73-4FF9-A67D-64E07CD6B5D8}"
EndProject
Project("{FAE04EC0-301F-11D3-BF4B-00C04F79EFBC}") = "AuditService", "src\services\AuditService\AuditService\AuditService.csproj", "{24D42297-5CE3-4FFC-B3B1-F87A19E3C42C}"
EndProject
Project("{2150E333-8FDC-42A3-9474-1A3956D46DE8}") = "shared", "shared", "{962B397E-A148-4BB5-BDA4-B19035D11548}"
EndProject
Project("{FAE04EC0-301F-11D3-BF4B-00C04F79EFBC}") = "Shared", "src\shared\Shared\Shared.csproj", "{8548260B-B220-48CD-8934-9370B7D63C5A}"
EndProject
Global
	GlobalSection(SolutionConfigurationPlatforms) = preSolution
		Debug|Any CPU = Debug|Any CPU
		Release|Any CPU = Release|Any CPU
	EndGlobalSection
	GlobalSection(SolutionProperties) = preSolution
		HideSolutionNode = FALSE
	EndGlobalSection
	GlobalSection(ProjectConfigurationPlatforms) = postSolution
		{B5299C72-21F8-4AF0-ADBC-12CD5B89E6AF}.Debug|Any CPU.ActiveCfg = Debug|Any CPU
		{B5299C72-21F8-4AF0-ADBC-12CD5B89E6AF}.Debug|Any CPU.Build.0 = Debug|Any CPU
		{B5299C72-21F8-4AF0-ADBC-12CD5B89E6AF}.Release|Any CPU.ActiveCfg = Release|Any CPU
		{B5299C72-21F8-4AF0-ADBC-12CD5B89E6AF}.Release|Any CPU.Build.0 = Release|Any CPU
		{266CA15D-09E9-4D6F-95B6-A71E2DCCA950}.Debug|Any CPU.ActiveCfg = Debug|Any CPU
		{266CA15D-09E9-4D6F-95B6-A71E2DCCA950}.Debug|Any CPU.Build.0 = Debug|Any CPU
		{266CA15D-09E9-4D6F-95B6-A71E2DCCA950}.Release|Any CPU.ActiveCfg = Release|Any CPU
		{266CA15D-09E9-4D6F-95B6-A71E2DCCA950}.Release|Any CPU.Build.0 = Release|Any CPU
		{3457E49E-CAE7-4809-84FF-39D9A2E16761}.Debug|Any CPU.ActiveCfg = Debug|Any CPU
		{3457E49E-CAE7-4809-84FF-39D9A2E16761}.Debug|Any CPU.Build.0 = Debug|Any CPU
		{3457E49E-CAE7-4809-84FF-39D9A2E16761}.Release|Any CPU.ActiveCfg = Release|Any CPU
		{3457E49E-CAE7-4809-84FF-39D9A2E16761}.Release|Any CPU.Build.0 = Release|Any CPU
		{A21C962F-FA86-4AF3-B145-3E92CA426A92}.Debug|Any CPU.ActiveCfg = Debug|Any CPU
		{A21C962F-FA86-4AF3-B145-3E92CA426A92}.Debug|Any CPU.Build.0 = Debug|Any CPU
		{A21C962F-FA86-4AF3-B145-3E92CA426A92}.Release|Any CPU.ActiveCfg = Release|Any CPU
		{A21C962F-FA86-4AF3-B145-3E92CA426A92}.Release|Any CPU.Build.0 = Release|Any CPU
		{24D42297-5CE3-4FFC-B3B1-F87A19E3C42C}.Debug|Any CPU.ActiveCfg = Debug|Any CPU
		{24D42297-5CE3-4FFC-B3B1-F87A19E3C42C}.Debug|Any CPU.Build.0 = Debug|Any CPU
		{24D42297-5CE3-4FFC-B3B1-F87A19E3C42C}.Release|Any CPU.ActiveCfg = Release|Any CPU
		{24D42297-5CE3-4FFC-B3B1-F87A19E3C42C}.Release|Any CPU.Build.0 = Release|Any CPU
		{8548260B-B220-48CD-8934-9370B7D63C5A}.Debug|Any CPU.ActiveCfg = Debug|Any CPU
		{8548260B-B220-48CD-8934-9370B7D63C5A}.Debug|Any CPU.Build.0 = Debug|Any CPU
		{8548260B-B220-48CD-8934-9370B7D63C5A}.Release|Any CPU.ActiveCfg = Release|Any CPU
		{8548260B-B220-48CD-8934-9370B7D63C5A}.Release|Any CPU.Build.0 = Release|Any CPU
	EndGlobalSection
	GlobalSection(NestedProjects) = preSolution
		{E479BB03-C9EC-4B32-8437-0B24411E2D22} = {0A4B765E-AACD-43F8-8013-5022695BDCEB}
		{D778B004-8F48-43C1-AFBA-8FBD7BD082B0} = {E479BB03-C9EC-4B32-8437-0B24411E2D22}
		{B5299C72-21F8-4AF0-ADBC-12CD5B89E6AF} = {D778B004-8F48-43C1-AFBA-8FBD7BD082B0}
		{E6F5F228-92CC-4DCF-9A95-21BC8D8B00FE} = {E479BB03-C9EC-4B32-8437-0B24411E2D22}
		{266CA15D-09E9-4D6F-95B6-A71E2DCCA950} = {E6F5F228-92CC-4DCF-9A95-21BC8D8B00FE}
		{8035064A-CA36-49D8-9BE9-F46CD29C35C7} = {E479BB03-C9EC-4B32-8437-0B24411E2D22}
		{3457E49E-CAE7-4809-84FF-39D9A2E16761} = {8035064A-CA36-49D8-9BE9-F46CD29C35C7}
		{C4246D34-92C6-40C2-B2F7-5A7FB6130724} = {E479BB03-C9EC-4B32-8437-0B24411E2D22}
		{A21C962F-FA86-4AF3-B145-3E92CA426A92} = {C4246D34-92C6-40C2-B2F7-5A7FB6130724}
		{E1A4E4B6-9E73-4FF9-A67D-64E07CD6B5D8} = {E479BB03-C9EC-4B32-8437-0B24411E2D22}
		{24D42297-5CE3-4FFC-B3B1-F87A19E3C42C} = {E1A4E4B6-9E73-4FF9-A67D-64E07CD6B5D8}
		{962B397E-A148-4BB5-BDA4-B19035D11548} = {0A4B765E-AACD-43F8-8013-5022695BDCEB}
		{8548260B-B220-48CD-8934-9370B7D63C5A} = {962B397E-A148-4BB5-BDA4-B19035D11548}
	EndGlobalSection
EndGlobal
